
Microsoft Visual Studio Solution File, Format Version 12.00
# Visual Studio Version 17
VisualStudioVersion = 17.9.34728.123
MinimumVisualStudioVersion = 10.0.40219.1
Project("{FAE04EC0-301F-11D3-BF4B-00C04F79EFBC}") = "junkyard.Server", "junkyard.Server\junkyard.Server.csproj", "{00D46B0D-A118-49AC-9957-EA30CE20B859}"
EndProject
Project("{54A90642-561A-4BB1-A94E-469ADEE60C69}") = "junkyard.client", "junkyard.client\junkyard.client.esproj", "{6A479814-75E0-4E05-AFDA-22839425DBAB}"
EndProject
Global
	GlobalSection(SolutionConfigurationPlatforms) = preSolution
		Debug|Any CPU = Debug|Any CPU
		Release|Any CPU = Release|Any CPU
	EndGlobalSection
	GlobalSection(ProjectConfigurationPlatforms) = postSolution
		{00D46B0D-A118-49AC-9957-EA30CE20B859}.Debug|Any CPU.ActiveCfg = Debug|Any CPU
		{00D46B0D-A118-49AC-9957-EA30CE20B859}.Debug|Any CPU.Build.0 = Debug|Any CPU
		{00D46B0D-A118-49AC-9957-EA30CE20B859}.Release|Any CPU.ActiveCfg = Release|Any CPU
		{00D46B0D-A118-49AC-9957-EA30CE20B859}.Release|Any CPU.Build.0 = Release|Any CPU
		{6A479814-75E0-4E05-AFDA-22839425DBAB}.Debug|Any CPU.ActiveCfg = Debug|Any CPU
		{6A479814-75E0-4E05-AFDA-22839425DBAB}.Debug|Any CPU.Build.0 = Debug|Any CPU
		{6A479814-75E0-4E05-AFDA-22839425DBAB}.Debug|Any CPU.Deploy.0 = Debug|Any CPU
		{6A479814-75E0-4E05-AFDA-22839425DBAB}.Release|Any CPU.ActiveCfg = Release|Any CPU
		{6A479814-75E0-4E05-AFDA-22839425DBAB}.Release|Any CPU.Build.0 = Release|Any CPU
		{6A479814-75E0-4E05-AFDA-22839425DBAB}.Release|Any CPU.Deploy.0 = Release|Any CPU
	EndGlobalSection
	GlobalSection(SolutionProperties) = preSolution
		HideSolutionNode = FALSE
	EndGlobalSection
	GlobalSection(ExtensibilityGlobals) = postSolution
		SolutionGuid = {42B758B2-270C-4873-AA27-C00D4A37218F}
	EndGlobalSection
EndGlobal
